
Microsoft Visual Studio Solution File, Format Version 12.00
# Visual Studio Version 17
VisualStudioVersion = 17.9.34701.34
MinimumVisualStudioVersion = 10.0.40219.1
Project("{F184B08F-C81C-45F6-A57F-5ABD9991F28F}") = "ConsoleApp11", "ConsoleApp11\ConsoleApp11.vbproj", "{85F767D2-05D4-412C-8E9B-DAB367DCB194}"
EndProject
Global
	GlobalSection(SolutionConfigurationPlatforms) = preSolution
		Debug|Any CPU = Debug|Any CPU
		Release|Any CPU = Release|Any CPU
	EndGlobalSection
	GlobalSection(ProjectConfigurationPlatforms) = postSolution
		{85F767D2-05D4-412C-8E9B-DAB367DCB194}.Debug|Any CPU.ActiveCfg = Debug|Any CPU
		{85F767D2-05D4-412C-8E9B-DAB367DCB194}.Debug|Any CPU.Build.0 = Debug|Any CPU
		{85F767D2-05D4-412C-8E9B-DAB367DCB194}.Release|Any CPU.ActiveCfg = Release|Any CPU
		{85F767D2-05D4-412C-8E9B-DAB367DCB194}.Release|Any CPU.Build.0 = Release|Any CPU
	EndGlobalSection
	GlobalSection(SolutionProperties) = preSolution
		HideSolutionNode = FALSE
	EndGlobalSection
	GlobalSection(ExtensibilityGlobals) = postSolution
		SolutionGuid = {0642BADC-E577-4786-B251-2849C67C01E5}
	EndGlobalSection
EndGlobal
